// !$*UTF8*$!
{
	archiveVersion = 1;
	classes = {
	};
	objectVersion = 55;
	objects = {

/* Begin PBXBuildFile section */
		2DB0061E2711954600825BC7 /* PracticalExampleApp.swift in Sources */ = {isa = PBXBuildFile; fileRef = 2DB0060E2711954300825BC7 /* PracticalExampleApp.swift */; };
		2DB0061F2711954600825BC7 /* PracticalExampleApp.swift in Sources */ = {isa = PBXBuildFile; fileRef = 2DB0060E2711954300825BC7 /* PracticalExampleApp.swift */; };
		2DB006202711954600825BC7 /* ContentView_iOS.swift in Sources */ = {isa = PBXBuildFile; fileRef = 2DB0060F2711954300825BC7 /* ContentView_iOS.swift */; };
		2DB006222711954600825BC7 /* Assets.xcassets in Resources */ = {isa = PBXBuildFile; fileRef = 2DB006102711954600825BC7 /* Assets.xcassets */; };
		2DB006232711954600825BC7 /* Assets.xcassets in Resources */ = {isa = PBXBuildFile; fileRef = 2DB006102711954600825BC7 /* Assets.xcassets */; };
		2DB0062D2711DD4400825BC7 /* ItemImageView.swift in Sources */ = {isa = PBXBuildFile; fileRef = 2DB0062C2711DD4400825BC7 /* ItemImageView.swift */; };
		2DB006332711E13400825BC7 /* ViewModel.swift in Sources */ = {isa = PBXBuildFile; fileRef = 2DB006322711E13400825BC7 /* ViewModel.swift */; };
		2DB006342711E13400825BC7 /* ViewModel.swift in Sources */ = {isa = PBXBuildFile; fileRef = 2DB006322711E13400825BC7 /* ViewModel.swift */; };
		2DB006362711E19700825BC7 /* ListView.swift in Sources */ = {isa = PBXBuildFile; fileRef = 2DB006352711E19700825BC7 /* ListView.swift */; };
		2DB006372711E19700825BC7 /* ListView.swift in Sources */ = {isa = PBXBuildFile; fileRef = 2DB006352711E19700825BC7 /* ListView.swift */; };
		2DB0063A2711E1AE00825BC7 /* ContentView_macOS.swift in Sources */ = {isa = PBXBuildFile; fileRef = 2DB006382711E1AE00825BC7 /* ContentView_macOS.swift */; };
		2DB0063C2711E20300825BC7 /* MainView.swift in Sources */ = {isa = PBXBuildFile; fileRef = 2DB0063B2711E20300825BC7 /* MainView.swift */; };
		2DB0063D2711E20300825BC7 /* MainView.swift in Sources */ = {isa = PBXBuildFile; fileRef = 2DB0063B2711E20300825BC7 /* MainView.swift */; };
		2DB006432711E67600825BC7 /* Helpers_macOS.swift in Sources */ = {isa = PBXBuildFile; fileRef = 2DB006412711E67600825BC7 /* Helpers_macOS.swift */; };
		2DB006442711E67800825BC7 /* Helpers_iOS.swift in Sources */ = {isa = PBXBuildFile; fileRef = 2DB0063E2711E61E00825BC7 /* Helpers_iOS.swift */; };
		2DB006462711EF6400825BC7 /* LoadedView_iOS.swift in Sources */ = {isa = PBXBuildFile; fileRef = 2DB006452711EF6400825BC7 /* LoadedView_iOS.swift */; };
		2DB0064A2711EFCA00825BC7 /* LoadedView_macOS.swift in Sources */ = {isa = PBXBuildFile; fileRef = 2DB006482711EFCA00825BC7 /* LoadedView_macOS.swift */; };
		2DB006522711FD9E00825BC7 /* SideBarView.swift in Sources */ = {isa = PBXBuildFile; fileRef = 2DB006512711FD9E00825BC7 /* SideBarView.swift */; };
		2DB006532711FD9E00825BC7 /* SideBarView.swift in Sources */ = {isa = PBXBuildFile; fileRef = 2DB006512711FD9E00825BC7 /* SideBarView.swift */; };
		2DB00655271200C600825BC7 /* ErrorView.swift in Sources */ = {isa = PBXBuildFile; fileRef = 2DB00654271200C600825BC7 /* ErrorView.swift */; };
		2DB00656271200C600825BC7 /* ErrorView.swift in Sources */ = {isa = PBXBuildFile; fileRef = 2DB00654271200C600825BC7 /* ErrorView.swift */; };
		2DB006582712010A00825BC7 /* LoadingView.swift in Sources */ = {isa = PBXBuildFile; fileRef = 2DB006572712010A00825BC7 /* LoadingView.swift */; };
		2DB006592712010A00825BC7 /* LoadingView.swift in Sources */ = {isa = PBXBuildFile; fileRef = 2DB006572712010A00825BC7 /* LoadingView.swift */; };
		2DB0065B271204BA00825BC7 /* ImageLoader.swift in Sources */ = {isa = PBXBuildFile; fileRef = 2DB0065A271204BA00825BC7 /* ImageLoader.swift */; };
		2DB0065C271204BA00825BC7 /* ImageLoader.swift in Sources */ = {isa = PBXBuildFile; fileRef = 2DB0065A271204BA00825BC7 /* ImageLoader.swift */; };
		2DB0065D271208C200825BC7 /* ItemImageView.swift in Sources */ = {isa = PBXBuildFile; fileRef = 2DB0062C2711DD4400825BC7 /* ItemImageView.swift */; };
		2DB0066227120C5B00825BC7 /* ListItem.swift in Sources */ = {isa = PBXBuildFile; fileRef = 2DB0066127120C5B00825BC7 /* ListItem.swift */; };
		2DB0066327120C5B00825BC7 /* ListItem.swift in Sources */ = {isa = PBXBuildFile; fileRef = 2DB0066127120C5B00825BC7 /* ListItem.swift */; };
		2DB0066627120CB400825BC7 /* FeedItems.swift in Sources */ = {isa = PBXBuildFile; fileRef = 2DB0066527120CB400825BC7 /* FeedItems.swift */; };
		2DB0066727120CB400825BC7 /* FeedItems.swift in Sources */ = {isa = PBXBuildFile; fileRef = 2DB0066527120CB400825BC7 /* FeedItems.swift */; };
		2DB0066927120CE600825BC7 /* Helpers.swift in Sources */ = {isa = PBXBuildFile; fileRef = 2DB0066827120CE600825BC7 /* Helpers.swift */; };
		2DB0066A27120CE600825BC7 /* Helpers.swift in Sources */ = {isa = PBXBuildFile; fileRef = 2DB0066827120CE600825BC7 /* Helpers.swift */; };
/* End PBXBuildFile section */

/* Begin PBXFileReference section */
		2DB0060E2711954300825BC7 /* PracticalExampleApp.swift */ = {isa = PBXFileReference; lastKnownFileType = sourcecode.swift; path = PracticalExampleApp.swift; sourceTree = "<group>"; };
		2DB0060F2711954300825BC7 /* ContentView_iOS.swift */ = {isa = PBXFileReference; lastKnownFileType = sourcecode.swift; path = ContentView_iOS.swift; sourceTree = "<group>"; };
		2DB006102711954600825BC7 /* Assets.xcassets */ = {isa = PBXFileReference; lastKnownFileType = folder.assetcatalog; path = Assets.xcassets; sourceTree = "<group>"; };
		2DB006152711954600825BC7 /* PracticalExample.app */ = {isa = PBXFileReference; explicitFileType = wrapper.application; includeInIndex = 0; path = PracticalExample.app; sourceTree = BUILT_PRODUCTS_DIR; };
		2DB0061B2711954600825BC7 /* PracticalExample.app */ = {isa = PBXFileReference; explicitFileType = wrapper.application; includeInIndex = 0; path = PracticalExample.app; sourceTree = BUILT_PRODUCTS_DIR; };
		2DB0061D2711954600825BC7 /* macOS.entitlements */ = {isa = PBXFileReference; lastKnownFileType = text.plist.entitlements; path = macOS.entitlements; sourceTree = "<group>"; };
		2DB0062C2711DD4400825BC7 /* ItemImageView.swift */ = {isa = PBXFileReference; lastKnownFileType = sourcecode.swift; path = ItemImageView.swift; sourceTree = "<group>"; };
		2DB006322711E13400825BC7 /* ViewModel.swift */ = {isa = PBXFileReference; lastKnownFileType = sourcecode.swift; path = ViewModel.swift; sourceTree = "<group>"; };
		2DB006352711E19700825BC7 /* ListView.swift */ = {isa = PBXFileReference; lastKnownFileType = sourcecode.swift; path = ListView.swift; sourceTree = "<group>"; };
		2DB006382711E1AE00825BC7 /* ContentView_macOS.swift */ = {isa = PBXFileReference; lastKnownFileType = sourcecode.swift; path = ContentView_macOS.swift; sourceTree = "<group>"; };
		2DB0063B2711E20300825BC7 /* MainView.swift */ = {isa = PBXFileReference; lastKnownFileType = sourcecode.swift; path = MainView.swift; sourceTree = "<group>"; };
		2DB0063E2711E61E00825BC7 /* Helpers_iOS.swift */ = {isa = PBXFileReference; lastKnownFileType = sourcecode.swift; path = Helpers_iOS.swift; sourceTree = "<group>"; };
		2DB006412711E67600825BC7 /* Helpers_macOS.swift */ = {isa = PBXFileReference; lastKnownFileType = sourcecode.swift; path = Helpers_macOS.swift; sourceTree = "<group>"; };
		2DB006452711EF6400825BC7 /* LoadedView_iOS.swift */ = {isa = PBXFileReference; lastKnownFileType = sourcecode.swift; path = LoadedView_iOS.swift; sourceTree = "<group>"; };
		2DB006482711EFCA00825BC7 /* LoadedView_macOS.swift */ = {isa = PBXFileReference; lastKnownFileType = sourcecode.swift; path = LoadedView_macOS.swift; sourceTree = "<group>"; };
		2DB006512711FD9E00825BC7 /* SideBarView.swift */ = {isa = PBXFileReference; lastKnownFileType = sourcecode.swift; path = SideBarView.swift; sourceTree = "<group>"; };
		2DB00654271200C600825BC7 /* ErrorView.swift */ = {isa = PBXFileReference; lastKnownFileType = sourcecode.swift; path = ErrorView.swift; sourceTree = "<group>"; };
		2DB006572712010A00825BC7 /* LoadingView.swift */ = {isa = PBXFileReference; lastKnownFileType = sourcecode.swift; path = LoadingView.swift; sourceTree = "<group>"; };
		2DB0065A271204BA00825BC7 /* ImageLoader.swift */ = {isa = PBXFileReference; lastKnownFileType = sourcecode.swift; path = ImageLoader.swift; sourceTree = "<group>"; };
		2DB0066127120C5B00825BC7 /* ListItem.swift */ = {isa = PBXFileReference; lastKnownFileType = sourcecode.swift; path = ListItem.swift; sourceTree = "<group>"; };
		2DB0066527120CB400825BC7 /* FeedItems.swift */ = {isa = PBXFileReference; lastKnownFileType = sourcecode.swift; path = FeedItems.swift; sourceTree = "<group>"; };
		2DB0066827120CE600825BC7 /* Helpers.swift */ = {isa = PBXFileReference; lastKnownFileType = sourcecode.swift; path = Helpers.swift; sourceTree = "<group>"; };
/* End PBXFileReference section */

/* Begin PBXFrameworksBuildPhase section */
		2DB006122711954600825BC7 /* Frameworks */ = {
			isa = PBXFrameworksBuildPhase;
			buildActionMask = 2147483647;
			files = (
			);
			runOnlyForDeploymentPostprocessing = 0;
		};
		2DB006182711954600825BC7 /* Frameworks */ = {
			isa = PBXFrameworksBuildPhase;
			buildActionMask = 2147483647;
			files = (
			);
			runOnlyForDeploymentPostprocessing = 0;
		};
/* End PBXFrameworksBuildPhase section */

/* Begin PBXGroup section */
		2DB006082711954300825BC7 = {
			isa = PBXGroup;
			children = (
				2DB0060D2711954300825BC7 /* Shared */,
				2DB0061C2711954600825BC7 /* macOS */,
				2DB006162711954600825BC7 /* Products */,
			);
			sourceTree = "<group>";
		};
		2DB0060D2711954300825BC7 /* Shared */ = {
			isa = PBXGroup;
			children = (
				2DB0060E2711954300825BC7 /* PracticalExampleApp.swift */,
				2DB0065E27120C1300825BC7 /* SideBarView */,
				2DB0064B2711F7B400825BC7 /* ContentView */,
				2DB006502711F80A00825BC7 /* MainView */,
				2DB0065F27120C1D00825BC7 /* ErrorView */,
				2DB0064C2711F7BE00825BC7 /* LoadedView */,
				2DB0066027120C2700825BC7 /* LoadingView */,
				2DB0064F2711F7F100825BC7 /* ListView */,
				2DB0064E2711F7E600825BC7 /* ItemImageView */,
				2DB0064D2711F7D200825BC7 /* Helpers */,
				2DB006322711E13400825BC7 /* ViewModel.swift */,
				2DB0066427120CA700825BC7 /* Models */,
				2DB006102711954600825BC7 /* Assets.xcassets */,
			);
			path = Shared;
			sourceTree = "<group>";
		};
		2DB006162711954600825BC7 /* Products */ = {
			isa = PBXGroup;
			children = (
				2DB006152711954600825BC7 /* PracticalExample.app */,
				2DB0061B2711954600825BC7 /* PracticalExample.app */,
			);
			name = Products;
			sourceTree = "<group>";
		};
		2DB0061C2711954600825BC7 /* macOS */ = {
			isa = PBXGroup;
			children = (
				2DB0061D2711954600825BC7 /* macOS.entitlements */,
			);
			path = macOS;
			sourceTree = "<group>";
		};
		2DB0064B2711F7B400825BC7 /* ContentView */ = {
			isa = PBXGroup;
			children = (
				2DB0060F2711954300825BC7 /* ContentView_iOS.swift */,
				2DB006382711E1AE00825BC7 /* ContentView_macOS.swift */,
			);
			path = ContentView;
			sourceTree = "<group>";
		};
		2DB0064C2711F7BE00825BC7 /* LoadedView */ = {
			isa = PBXGroup;
			children = (
				2DB006452711EF6400825BC7 /* LoadedView_iOS.swift */,
				2DB006482711EFCA00825BC7 /* LoadedView_macOS.swift */,
			);
			path = LoadedView;
			sourceTree = "<group>";
		};
		2DB0064D2711F7D200825BC7 /* Helpers */ = {
			isa = PBXGroup;
			children = (
				2DB0066827120CE600825BC7 /* Helpers.swift */,
				2DB0063E2711E61E00825BC7 /* Helpers_iOS.swift */,
				2DB006412711E67600825BC7 /* Helpers_macOS.swift */,
			);
			path = Helpers;
			sourceTree = "<group>";
		};
		2DB0064E2711F7E600825BC7 /* ItemImageView */ = {
			isa = PBXGroup;
			children = (
				2DB0062C2711DD4400825BC7 /* ItemImageView.swift */,
				2DB0065A271204BA00825BC7 /* ImageLoader.swift */,
			);
			path = ItemImageView;
			sourceTree = "<group>";
		};
		2DB0064F2711F7F100825BC7 /* ListView */ = {
			isa = PBXGroup;
			children = (
				2DB006352711E19700825BC7 /* ListView.swift */,
				2DB0066127120C5B00825BC7 /* ListItem.swift */,
			);
			path = ListView;
			sourceTree = "<group>";
		};
		2DB006502711F80A00825BC7 /* MainView */ = {
			isa = PBXGroup;
			children = (
				2DB0063B2711E20300825BC7 /* MainView.swift */,
			);
			path = MainView;
			sourceTree = "<group>";
		};
		2DB0065E27120C1300825BC7 /* SideBarView */ = {
			isa = PBXGroup;
			children = (
				2DB006512711FD9E00825BC7 /* SideBarView.swift */,
			);
			path = SideBarView;
			sourceTree = "<group>";
		};
		2DB0065F27120C1D00825BC7 /* ErrorView */ = {
			isa = PBXGroup;
			children = (
				2DB00654271200C600825BC7 /* ErrorView.swift */,
			);
			path = ErrorView;
			sourceTree = "<group>";
		};
		2DB0066027120C2700825BC7 /* LoadingView */ = {
			isa = PBXGroup;
			children = (
				2DB006572712010A00825BC7 /* LoadingView.swift */,
			);
			path = LoadingView;
			sourceTree = "<group>";
		};
		2DB0066427120CA700825BC7 /* Models */ = {
			isa = PBXGroup;
			children = (
				2DB0066527120CB400825BC7 /* FeedItems.swift */,
			);
			path = Models;
			sourceTree = "<group>";
		};
/* End PBXGroup section */

/* Begin PBXNativeTarget section */
		2DB006142711954600825BC7 /* PracticalExample (iOS) */ = {
			isa = PBXNativeTarget;
			buildConfigurationList = 2DB006262711954600825BC7 /* Build configuration list for PBXNativeTarget "PracticalExample (iOS)" */;
			buildPhases = (
				2DB006112711954600825BC7 /* Sources */,
				2DB006122711954600825BC7 /* Frameworks */,
				2DB006132711954600825BC7 /* Resources */,
			);
			buildRules = (
			);
			dependencies = (
			);
			name = "PracticalExample (iOS)";
			productName = "PracticalExample (iOS)";
			productReference = 2DB006152711954600825BC7 /* PracticalExample.app */;
			productType = "com.apple.product-type.application";
		};
		2DB0061A2711954600825BC7 /* PracticalExample (macOS) */ = {
			isa = PBXNativeTarget;
			buildConfigurationList = 2DB006292711954600825BC7 /* Build configuration list for PBXNativeTarget "PracticalExample (macOS)" */;
			buildPhases = (
				2DB006172711954600825BC7 /* Sources */,
				2DB006182711954600825BC7 /* Frameworks */,
				2DB006192711954600825BC7 /* Resources */,
			);
			buildRules = (
			);
			dependencies = (
			);
			name = "PracticalExample (macOS)";
			productName = "PracticalExample (macOS)";
			productReference = 2DB0061B2711954600825BC7 /* PracticalExample.app */;
			productType = "com.apple.product-type.application";
		};
/* End PBXNativeTarget section */

/* Begin PBXProject section */
		2DB006092711954300825BC7 /* Project object */ = {
			isa = PBXProject;
			attributes = {
				BuildIndependentTargetsInParallel = 1;
				LastSwiftUpdateCheck = 1300;
				LastUpgradeCheck = 1300;
				TargetAttributes = {
					2DB006142711954600825BC7 = {
						CreatedOnToolsVersion = 13.0;
					};
					2DB0061A2711954600825BC7 = {
						CreatedOnToolsVersion = 13.0;
					};
				};
			};
			buildConfigurationList = 2DB0060C2711954300825BC7 /* Build configuration list for PBXProject "PracticalExample" */;
			compatibilityVersion = "Xcode 13.0";
			developmentRegion = en;
			hasScannedForEncodings = 0;
			knownRegions = (
				en,
				Base,
			);
			mainGroup = 2DB006082711954300825BC7;
			productRefGroup = 2DB006162711954600825BC7 /* Products */;
			projectDirPath = "";
			projectRoot = "";
			targets = (
				2DB006142711954600825BC7 /* PracticalExample (iOS) */,
				2DB0061A2711954600825BC7 /* PracticalExample (macOS) */,
			);
		};
/* End PBXProject section */

/* Begin PBXResourcesBuildPhase section */
		2DB006132711954600825BC7 /* Resources */ = {
			isa = PBXResourcesBuildPhase;
			buildActionMask = 2147483647;
			files = (
				2DB006222711954600825BC7 /* Assets.xcassets in Resources */,
			);
			runOnlyForDeploymentPostprocessing = 0;
		};
		2DB006192711954600825BC7 /* Resources */ = {
			isa = PBXResourcesBuildPhase;
			buildActionMask = 2147483647;
			files = (
				2DB006232711954600825BC7 /* Assets.xcassets in Resources */,
			);
			runOnlyForDeploymentPostprocessing = 0;
		};
/* End PBXResourcesBuildPhase section */

/* Begin PBXSourcesBuildPhase section */
		2DB006112711954600825BC7 /* Sources */ = {
			isa = PBXSourcesBuildPhase;
			buildActionMask = 2147483647;
			files = (
				2DB006202711954600825BC7 /* ContentView_iOS.swift in Sources */,
				2DB006442711E67800825BC7 /* Helpers_iOS.swift in Sources */,
				2DB0065B271204BA00825BC7 /* ImageLoader.swift in Sources */,
				2DB0063C2711E20300825BC7 /* MainView.swift in Sources */,
				2DB006582712010A00825BC7 /* LoadingView.swift in Sources */,
				2DB006522711FD9E00825BC7 /* SideBarView.swift in Sources */,
				2DB0062D2711DD4400825BC7 /* ItemImageView.swift in Sources */,
				2DB00655271200C600825BC7 /* ErrorView.swift in Sources */,
				2DB006332711E13400825BC7 /* ViewModel.swift in Sources */,
				2DB006462711EF6400825BC7 /* LoadedView_iOS.swift in Sources */,
				2DB0066227120C5B00825BC7 /* ListItem.swift in Sources */,
				2DB006362711E19700825BC7 /* ListView.swift in Sources */,
				2DB0066627120CB400825BC7 /* FeedItems.swift in Sources */,
				2DB0066927120CE600825BC7 /* Helpers.swift in Sources */,
				2DB0061E2711954600825BC7 /* PracticalExampleApp.swift in Sources */,
			);
			runOnlyForDeploymentPostprocessing = 0;
		};
		2DB006172711954600825BC7 /* Sources */ = {
			isa = PBXSourcesBuildPhase;
			buildActionMask = 2147483647;
			files = (
				2DB0063A2711E1AE00825BC7 /* ContentView_macOS.swift in Sources */,
				2DB0063D2711E20300825BC7 /* MainView.swift in Sources */,
				2DB0065D271208C200825BC7 /* ItemImageView.swift in Sources */,
				2DB0065C271204BA00825BC7 /* ImageLoader.swift in Sources */,
				2DB006592712010A00825BC7 /* LoadingView.swift in Sources */,
				2DB006532711FD9E00825BC7 /* SideBarView.swift in Sources */,
				2DB006432711E67600825BC7 /* Helpers_macOS.swift in Sources */,
				2DB00656271200C600825BC7 /* ErrorView.swift in Sources */,
				2DB006342711E13400825BC7 /* ViewModel.swift in Sources */,
				2DB006372711E19700825BC7 /* ListView.swift in Sources */,
				2DB0066327120C5B00825BC7 /* ListItem.swift in Sources */,
				2DB0061F2711954600825BC7 /* PracticalExampleApp.swift in Sources */,
				2DB0066727120CB400825BC7 /* FeedItems.swift in Sources */,
				2DB0066A27120CE600825BC7 /* Helpers.swift in Sources */,
				2DB0064A2711EFCA00825BC7 /* LoadedView_macOS.swift in Sources */,
			);
			runOnlyForDeploymentPostprocessing = 0;
		};
/* End PBXSourcesBuildPhase section */

/* Begin XCBuildConfiguration section */
		2DB006242711954600825BC7 /* Debug */ = {
			isa = XCBuildConfiguration;
			buildSettings = {
				ALWAYS_SEARCH_USER_PATHS = NO;
				CLANG_ANALYZER_NONNULL = YES;
				CLANG_ANALYZER_NUMBER_OBJECT_CONVERSION = YES_AGGRESSIVE;
				CLANG_CXX_LANGUAGE_STANDARD = "gnu++17";
				CLANG_CXX_LIBRARY = "libc++";
				CLANG_ENABLE_MODULES = YES;
				CLANG_ENABLE_OBJC_ARC = YES;
				CLANG_ENABLE_OBJC_WEAK = YES;
				CLANG_WARN_BLOCK_CAPTURE_AUTORELEASING = YES;
				CLANG_WARN_BOOL_CONVERSION = YES;
				CLANG_WARN_COMMA = YES;
				CLANG_WARN_CONSTANT_CONVERSION = YES;
				CLANG_WARN_DEPRECATED_OBJC_IMPLEMENTATIONS = YES;
				CLANG_WARN_DIRECT_OBJC_ISA_USAGE = YES_ERROR;
				CLANG_WARN_DOCUMENTATION_COMMENTS = YES;
				CLANG_WARN_EMPTY_BODY = YES;
				CLANG_WARN_ENUM_CONVERSION = YES;
				CLANG_WARN_INFINITE_RECURSION = YES;
				CLANG_WARN_INT_CONVERSION = YES;
				CLANG_WARN_NON_LITERAL_NULL_CONVERSION = YES;
				CLANG_WARN_OBJC_IMPLICIT_RETAIN_SELF = YES;
				CLANG_WARN_OBJC_LITERAL_CONVERSION = YES;
				CLANG_WARN_OBJC_ROOT_CLASS = YES_ERROR;
				CLANG_WARN_QUOTED_INCLUDE_IN_FRAMEWORK_HEADER = YES;
				CLANG_WARN_RANGE_LOOP_ANALYSIS = YES;
				CLANG_WARN_STRICT_PROTOTYPES = YES;
				CLANG_WARN_SUSPICIOUS_MOVE = YES;
				CLANG_WARN_UNGUARDED_AVAILABILITY = YES_AGGRESSIVE;
				CLANG_WARN_UNREACHABLE_CODE = YES;
				CLANG_WARN__DUPLICATE_METHOD_MATCH = YES;
				COPY_PHASE_STRIP = NO;
				DEBUG_INFORMATION_FORMAT = dwarf;
				ENABLE_STRICT_OBJC_MSGSEND = YES;
				ENABLE_TESTABILITY = YES;
				GCC_C_LANGUAGE_STANDARD = gnu11;
				GCC_DYNAMIC_NO_PIC = NO;
				GCC_NO_COMMON_BLOCKS = YES;
				GCC_OPTIMIZATION_LEVEL = 0;
				GCC_PREPROCESSOR_DEFINITIONS = (
					"DEBUG=1",
					"$(inherited)",
				);
				GCC_WARN_64_TO_32_BIT_CONVERSION = YES;
				GCC_WARN_ABOUT_RETURN_TYPE = YES_ERROR;
				GCC_WARN_UNDECLARED_SELECTOR = YES;
				GCC_WARN_UNINITIALIZED_AUTOS = YES_AGGRESSIVE;
				GCC_WARN_UNUSED_FUNCTION = YES;
				GCC_WARN_UNUSED_VARIABLE = YES;
				MTL_ENABLE_DEBUG_INFO = INCLUDE_SOURCE;
				MTL_FAST_MATH = YES;
				ONLY_ACTIVE_ARCH = YES;
				SWIFT_ACTIVE_COMPILATION_CONDITIONS = DEBUG;
				SWIFT_OPTIMIZATION_LEVEL = "-Onone";
			};
			name = Debug;
		};
		2DB006252711954600825BC7 /* Release */ = {
			isa = XCBuildConfiguration;
			buildSettings = {
				ALWAYS_SEARCH_USER_PATHS = NO;
				CLANG_ANALYZER_NONNULL = YES;
				CLANG_ANALYZER_NUMBER_OBJECT_CONVERSION = YES_AGGRESSIVE;
				CLANG_CXX_LANGUAGE_STANDARD = "gnu++17";
				CLANG_CXX_LIBRARY = "libc++";
				CLANG_ENABLE_MODULES = YES;
				CLANG_ENABLE_OBJC_ARC = YES;
				CLANG_ENABLE_OBJC_WEAK = YES;
				CLANG_WARN_BLOCK_CAPTURE_AUTORELEASING = YES;
				CLANG_WARN_BOOL_CONVERSION = YES;
				CLANG_WARN_COMMA = YES;
				CLANG_WARN_CONSTANT_CONVERSION = YES;
				CLANG_WARN_DEPRECATED_OBJC_IMPLEMENTATIONS = YES;
				CLANG_WARN_DIRECT_OBJC_ISA_USAGE = YES_ERROR;
				CLANG_WARN_DOCUMENTATION_COMMENTS = YES;
				CLANG_WARN_EMPTY_BODY = YES;
				CLANG_WARN_ENUM_CONVERSION = YES;
				CLANG_WARN_INFINITE_RECURSION = YES;
				CLANG_WARN_INT_CONVERSION = YES;
				CLANG_WARN_NON_LITERAL_NULL_CONVERSION = YES;
				CLANG_WARN_OBJC_IMPLICIT_RETAIN_SELF = YES;
				CLANG_WARN_OBJC_LITERAL_CONVERSION = YES;
				CLANG_WARN_OBJC_ROOT_CLASS = YES_ERROR;
				CLANG_WARN_QUOTED_INCLUDE_IN_FRAMEWORK_HEADER = YES;
				CLANG_WARN_RANGE_LOOP_ANALYSIS = YES;
				CLANG_WARN_STRICT_PROTOTYPES = YES;
				CLANG_WARN_SUSPICIOUS_MOVE = YES;
				CLANG_WARN_UNGUARDED_AVAILABILITY = YES_AGGRESSIVE;
				CLANG_WARN_UNREACHABLE_CODE = YES;
				CLANG_WARN__DUPLICATE_METHOD_MATCH = YES;
				COPY_PHASE_STRIP = NO;
				DEBUG_INFORMATION_FORMAT = "dwarf-with-dsym";
				ENABLE_NS_ASSERTIONS = NO;
				ENABLE_STRICT_OBJC_MSGSEND = YES;
				GCC_C_LANGUAGE_STANDARD = gnu11;
				GCC_NO_COMMON_BLOCKS = YES;
				GCC_WARN_64_TO_32_BIT_CONVERSION = YES;
				GCC_WARN_ABOUT_RETURN_TYPE = YES_ERROR;
				GCC_WARN_UNDECLARED_SELECTOR = YES;
				GCC_WARN_UNINITIALIZED_AUTOS = YES_AGGRESSIVE;
				GCC_WARN_UNUSED_FUNCTION = YES;
				GCC_WARN_UNUSED_VARIABLE = YES;
				MTL_ENABLE_DEBUG_INFO = NO;
				MTL_FAST_MATH = YES;
				SWIFT_COMPILATION_MODE = wholemodule;
				SWIFT_OPTIMIZATION_LEVEL = "-O";
			};
			name = Release;
		};
		2DB006272711954600825BC7 /* Debug */ = {
			isa = XCBuildConfiguration;
			buildSettings = {
				ASSETCATALOG_COMPILER_APPICON_NAME = AppIcon;
				ASSETCATALOG_COMPILER_GLOBAL_ACCENT_COLOR_NAME = AccentColor;
				CODE_SIGN_STYLE = Automatic;
				CURRENT_PROJECT_VERSION = 1;
				DEVELOPMENT_TEAM = 6748NP3BTA;
				ENABLE_PREVIEWS = YES;
				GENERATE_INFOPLIST_FILE = YES;
				INFOPLIST_KEY_UIApplicationSceneManifest_Generation = YES;
				INFOPLIST_KEY_UIApplicationSupportsIndirectInputEvents = YES;
				INFOPLIST_KEY_UILaunchScreen_Generation = YES;
				INFOPLIST_KEY_UISupportedInterfaceOrientations_iPad = "UIInterfaceOrientationPortrait UIInterfaceOrientationPortraitUpsideDown UIInterfaceOrientationLandscapeLeft UIInterfaceOrientationLandscapeRight";
				INFOPLIST_KEY_UISupportedInterfaceOrientations_iPhone = "UIInterfaceOrientationPortrait UIInterfaceOrientationLandscapeLeft UIInterfaceOrientationLandscapeRight";
				IPHONEOS_DEPLOYMENT_TARGET = 15.0;
				LD_RUNPATH_SEARCH_PATHS = (
					"$(inherited)",
					"@executable_path/Frameworks",
				);
				MARKETING_VERSION = 1.0;
				PRODUCT_BUNDLE_IDENTIFIER = com.andrewmarmion.Test.PracticalExample;
				PRODUCT_NAME = PracticalExample;
				SDKROOT = iphoneos;
				SWIFT_EMIT_LOC_STRINGS = YES;
				SWIFT_VERSION = 5.0;
				TARGETED_DEVICE_FAMILY = "1,2";
			};
			name = Debug;
		};
		2DB006282711954600825BC7 /* Release */ = {
			isa = XCBuildConfiguration;
			buildSettings = {
				ASSETCATALOG_COMPILER_APPICON_NAME = AppIcon;
				ASSETCATALOG_COMPILER_GLOBAL_ACCENT_COLOR_NAME = AccentColor;
				CODE_SIGN_STYLE = Automatic;
				CURRENT_PROJECT_VERSION = 1;
				DEVELOPMENT_TEAM = 6748NP3BTA;
				ENABLE_PREVIEWS = YES;
				GENERATE_INFOPLIST_FILE = YES;
				INFOPLIST_KEY_UIApplicationSceneManifest_Generation = YES;
				INFOPLIST_KEY_UIApplicationSupportsIndirectInputEvents = YES;
				INFOPLIST_KEY_UILaunchScreen_Generation = YES;
				INFOPLIST_KEY_UISupportedInterfaceOrientations_iPad = "UIInterfaceOrientationPortrait UIInterfaceOrientationPortraitUpsideDown UIInterfaceOrientationLandscapeLeft UIInterfaceOrientationLandscapeRight";
				INFOPLIST_KEY_UISupportedInterfaceOrientations_iPhone = "UIInterfaceOrientationPortrait UIInterfaceOrientationLandscapeLeft UIInterfaceOrientationLandscapeRight";
				IPHONEOS_DEPLOYMENT_TARGET = 15.0;
				LD_RUNPATH_SEARCH_PATHS = (
					"$(inherited)",
					"@executable_path/Frameworks",
				);
				MARKETING_VERSION = 1.0;
				PRODUCT_BUNDLE_IDENTIFIER = com.andrewmarmion.Test.PracticalExample;
				PRODUCT_NAME = PracticalExample;
				SDKROOT = iphoneos;
				SWIFT_EMIT_LOC_STRINGS = YES;
				SWIFT_VERSION = 5.0;
				TARGETED_DEVICE_FAMILY = "1,2";
				VALIDATE_PRODUCT = YES;
			};
			name = Release;
		};
		2DB0062A2711954600825BC7 /* Debug */ = {
			isa = XCBuildConfiguration;
			buildSettings = {
				ASSETCATALOG_COMPILER_APPICON_NAME = AppIcon;
				ASSETCATALOG_COMPILER_GLOBAL_ACCENT_COLOR_NAME = AccentColor;
				CODE_SIGN_ENTITLEMENTS = macOS/macOS.entitlements;
				CODE_SIGN_STYLE = Automatic;
				COMBINE_HIDPI_IMAGES = YES;
				CURRENT_PROJECT_VERSION = 1;
				DEVELOPMENT_TEAM = 6748NP3BTA;
				ENABLE_HARDENED_RUNTIME = YES;
				ENABLE_PREVIEWS = YES;
				GENERATE_INFOPLIST_FILE = YES;
				INFOPLIST_KEY_NSHumanReadableCopyright = "";
				LD_RUNPATH_SEARCH_PATHS = (
					"$(inherited)",
					"@executable_path/../Frameworks",
				);
				MACOSX_DEPLOYMENT_TARGET = 11.0;
				MARKETING_VERSION = 1.0;
				PRODUCT_BUNDLE_IDENTIFIER = com.andrewmarmion.Test.PracticalExample;
				PRODUCT_NAME = PracticalExample;
				SDKROOT = macosx;
				SWIFT_EMIT_LOC_STRINGS = YES;
				SWIFT_VERSION = 5.0;
			};
			name = Debug;
		};
		2DB0062B2711954600825BC7 /* Release */ = {
			isa = XCBuildConfiguration;
			buildSettings = {
				ASSETCATALOG_COMPILER_APPICON_NAME = AppIcon;
				ASSETCATALOG_COMPILER_GLOBAL_ACCENT_COLOR_NAME = AccentColor;
				CODE_SIGN_ENTITLEMENTS = macOS/macOS.entitlements;
				CODE_SIGN_STYLE = Automatic;
				COMBINE_HIDPI_IMAGES = YES;
				CURRENT_PROJECT_VERSION = 1;
				DEVELOPMENT_TEAM = 6748NP3BTA;
				ENABLE_HARDENED_RUNTIME = YES;
				ENABLE_PREVIEWS = YES;
				GENERATE_INFOPLIST_FILE = YES;
				INFOPLIST_KEY_NSHumanReadableCopyright = "";
				LD_RUNPATH_SEARCH_PATHS = (
					"$(inherited)",
					"@executable_path/../Frameworks",
				);
				MACOSX_DEPLOYMENT_TARGET = 11.0;
				MARKETING_VERSION = 1.0;
				PRODUCT_BUNDLE_IDENTIFIER = com.andrewmarmion.Test.PracticalExample;
				PRODUCT_NAME = PracticalExample;
				SDKROOT = macosx;
				SWIFT_EMIT_LOC_STRINGS = YES;
				SWIFT_VERSION = 5.0;
			};
			name = Release;
		};
/* End XCBuildConfiguration section */

/* Begin XCConfigurationList section */
		2DB0060C2711954300825BC7 /* Build configuration list for PBXProject "PracticalExample" */ = {
			isa = XCConfigurationList;
			buildConfigurations = (
				2DB006242711954600825BC7 /* Debug */,
				2DB006252711954600825BC7 /* Release */,
			);
			defaultConfigurationIsVisible = 0;
			defaultConfigurationName = Release;
		};
		2DB006262711954600825BC7 /* Build configuration list for PBXNativeTarget "PracticalExample (iOS)" */ = {
			isa = XCConfigurationList;
			buildConfigurations = (
				2DB006272711954600825BC7 /* Debug */,
				2DB006282711954600825BC7 /* Release */,
			);
			defaultConfigurationIsVisible = 0;
			defaultConfigurationName = Release;
		};
		2DB006292711954600825BC7 /* Build configuration list for PBXNativeTarget "PracticalExample (macOS)" */ = {
			isa = XCConfigurationList;
			buildConfigurations = (
				2DB0062A2711954600825BC7 /* Debug */,
				2DB0062B2711954600825BC7 /* Release */,
			);
			defaultConfigurationIsVisible = 0;
			defaultConfigurationName = Release;
		};
/* End XCConfigurationList section */
	};
	rootObject = 2DB006092711954300825BC7 /* Project object */;
}
